
Microsoft Visual Studio Solution File, Format Version 12.00
# Visual Studio Version 17
VisualStudioVersion = 17.0.31903.59
MinimumVisualStudioVersion = 10.0.40219.1
Project("{FAE04EC0-301F-11D3-BF4B-00C04F79EFBC}") = "Domain", "Domain\Domain.csproj", "{7D67DA91-85CC-4B75-8903-37D847A845E0}"
EndProject
Project("{FAE04EC0-301F-11D3-BF4B-00C04F79EFBC}") = "Infrastructure", "Infrastructure\Infrastructure.csproj", "{1B179E20-5750-4766-BB93-8392668B2604}"
EndProject
Project("{FAE04EC0-301F-11D3-BF4B-00C04F79EFBC}") = "BlazorWebAssemblyApp", "BlazorWebAssemblyApp\BlazorWebAssemblyApp.csproj", "{A05AFF81-D216-45AF-85D9-48BE42D39299}"
EndProject
Project("{FAE04EC0-301F-11D3-BF4B-00C04F79EFBC}") = "Api", "Api\Api.csproj", "{1AD41D8B-4197-47B2-AF8F-7156A5E3D3BE}"
EndProject
Project("{FAE04EC0-301F-11D3-BF4B-00C04F79EFBC}") = "IdentityProvider.Api", "IdentityProvider.Api\IdentityProvider.Api.csproj", "{4AA1953A-E789-4B06-9937-01A06B19D8AF}"
EndProject
Global
	GlobalSection(SolutionConfigurationPlatforms) = preSolution
		Debug|Any CPU = Debug|Any CPU
		Debug|x64 = Debug|x64
		Debug|x86 = Debug|x86
		Release|Any CPU = Release|Any CPU
		Release|x64 = Release|x64
		Release|x86 = Release|x86
	EndGlobalSection
	GlobalSection(ProjectConfigurationPlatforms) = postSolution
		{7D67DA91-85CC-4B75-8903-37D847A845E0}.Debug|Any CPU.ActiveCfg = Debug|Any CPU
		{7D67DA91-85CC-4B75-8903-37D847A845E0}.Debug|Any CPU.Build.0 = Debug|Any CPU
		{7D67DA91-85CC-4B75-8903-37D847A845E0}.Debug|x64.ActiveCfg = Debug|Any CPU
		{7D67DA91-85CC-4B75-8903-37D847A845E0}.Debug|x64.Build.0 = Debug|Any CPU
		{7D67DA91-85CC-4B75-8903-37D847A845E0}.Debug|x86.ActiveCfg = Debug|Any CPU
		{7D67DA91-85CC-4B75-8903-37D847A845E0}.Debug|x86.Build.0 = Debug|Any CPU
		{7D67DA91-85CC-4B75-8903-37D847A845E0}.Release|Any CPU.ActiveCfg = Release|Any CPU
		{7D67DA91-85CC-4B75-8903-37D847A845E0}.Release|Any CPU.Build.0 = Release|Any CPU
		{7D67DA91-85CC-4B75-8903-37D847A845E0}.Release|x64.ActiveCfg = Release|Any CPU
		{7D67DA91-85CC-4B75-8903-37D847A845E0}.Release|x64.Build.0 = Release|Any CPU
		{7D67DA91-85CC-4B75-8903-37D847A845E0}.Release|x86.ActiveCfg = Release|Any CPU
		{7D67DA91-85CC-4B75-8903-37D847A845E0}.Release|x86.Build.0 = Release|Any CPU
		{1B179E20-5750-4766-BB93-8392668B2604}.Debug|Any CPU.ActiveCfg = Debug|Any CPU
		{1B179E20-5750-4766-BB93-8392668B2604}.Debug|Any CPU.Build.0 = Debug|Any CPU
		{1B179E20-5750-4766-BB93-8392668B2604}.Debug|x64.ActiveCfg = Debug|Any CPU
		{1B179E20-5750-4766-BB93-8392668B2604}.Debug|x64.Build.0 = Debug|Any CPU
		{1B179E20-5750-4766-BB93-8392668B2604}.Debug|x86.ActiveCfg = Debug|Any CPU
		{1B179E20-5750-4766-BB93-8392668B2604}.Debug|x86.Build.0 = Debug|Any CPU
		{1B179E20-5750-4766-BB93-8392668B2604}.Release|Any CPU.ActiveCfg = Release|Any CPU
		{1B179E20-5750-4766-BB93-8392668B2604}.Release|Any CPU.Build.0 = Release|Any CPU
		{1B179E20-5750-4766-BB93-8392668B2604}.Release|x64.ActiveCfg = Release|Any CPU
		{1B179E20-5750-4766-BB93-8392668B2604}.Release|x64.Build.0 = Release|Any CPU
		{1B179E20-5750-4766-BB93-8392668B2604}.Release|x86.ActiveCfg = Release|Any CPU
		{1B179E20-5750-4766-BB93-8392668B2604}.Release|x86.Build.0 = Release|Any CPU
		{A05AFF81-D216-45AF-85D9-48BE42D39299}.Debug|Any CPU.ActiveCfg = Debug|Any CPU
		{A05AFF81-D216-45AF-85D9-48BE42D39299}.Debug|Any CPU.Build.0 = Debug|Any CPU
		{A05AFF81-D216-45AF-85D9-48BE42D39299}.Debug|x64.ActiveCfg = Debug|Any CPU
		{A05AFF81-D216-45AF-85D9-48BE42D39299}.Debug|x64.Build.0 = Debug|Any CPU
		{A05AFF81-D216-45AF-85D9-48BE42D39299}.Debug|x86.ActiveCfg = Debug|Any CPU
		{A05AFF81-D216-45AF-85D9-48BE42D39299}.Debug|x86.Build.0 = Debug|Any CPU
		{A05AFF81-D216-45AF-85D9-48BE42D39299}.Release|Any CPU.ActiveCfg = Release|Any CPU
		{A05AFF81-D216-45AF-85D9-48BE42D39299}.Release|Any CPU.Build.0 = Release|Any CPU
		{A05AFF81-D216-45AF-85D9-48BE42D39299}.Release|x64.ActiveCfg = Release|Any CPU
		{A05AFF81-D216-45AF-85D9-48BE42D39299}.Release|x64.Build.0 = Release|Any CPU
		{A05AFF81-D216-45AF-85D9-48BE42D39299}.Release|x86.ActiveCfg = Release|Any CPU
		{A05AFF81-D216-45AF-85D9-48BE42D39299}.Release|x86.Build.0 = Release|Any CPU
		{1AD41D8B-4197-47B2-AF8F-7156A5E3D3BE}.Debug|Any CPU.ActiveCfg = Debug|Any CPU
		{1AD41D8B-4197-47B2-AF8F-7156A5E3D3BE}.Debug|Any CPU.Build.0 = Debug|Any CPU
		{1AD41D8B-4197-47B2-AF8F-7156A5E3D3BE}.Debug|x64.ActiveCfg = Debug|Any CPU
		{1AD41D8B-4197-47B2-AF8F-7156A5E3D3BE}.Debug|x64.Build.0 = Debug|Any CPU
		{1AD41D8B-4197-47B2-AF8F-7156A5E3D3BE}.Debug|x86.ActiveCfg = Debug|Any CPU
		{1AD41D8B-4197-47B2-AF8F-7156A5E3D3BE}.Debug|x86.Build.0 = Debug|Any CPU
		{1AD41D8B-4197-47B2-AF8F-7156A5E3D3BE}.Release|Any CPU.ActiveCfg = Release|Any CPU
		{1AD41D8B-4197-47B2-AF8F-7156A5E3D3BE}.Release|Any CPU.Build.0 = Release|Any CPU
		{1AD41D8B-4197-47B2-AF8F-7156A5E3D3BE}.Release|x64.ActiveCfg = Release|Any CPU
		{1AD41D8B-4197-47B2-AF8F-7156A5E3D3BE}.Release|x64.Build.0 = Release|Any CPU
		{1AD41D8B-4197-47B2-AF8F-7156A5E3D3BE}.Release|x86.ActiveCfg = Release|Any CPU
		{1AD41D8B-4197-47B2-AF8F-7156A5E3D3BE}.Release|x86.Build.0 = Release|Any CPU
		{4AA1953A-E789-4B06-9937-01A06B19D8AF}.Debug|Any CPU.ActiveCfg = Debug|Any CPU
		{4AA1953A-E789-4B06-9937-01A06B19D8AF}.Debug|Any CPU.Build.0 = Debug|Any CPU
		{4AA1953A-E789-4B06-9937-01A06B19D8AF}.Debug|x64.ActiveCfg = Debug|Any CPU
		{4AA1953A-E789-4B06-9937-01A06B19D8AF}.Debug|x64.Build.0 = Debug|Any CPU
		{4AA1953A-E789-4B06-9937-01A06B19D8AF}.Debug|x86.ActiveCfg = Debug|Any CPU
		{4AA1953A-E789-4B06-9937-01A06B19D8AF}.Debug|x86.Build.0 = Debug|Any CPU
		{4AA1953A-E789-4B06-9937-01A06B19D8AF}.Release|Any CPU.ActiveCfg = Release|Any CPU
		{4AA1953A-E789-4B06-9937-01A06B19D8AF}.Release|Any CPU.Build.0 = Release|Any CPU
		{4AA1953A-E789-4B06-9937-01A06B19D8AF}.Release|x64.ActiveCfg = Release|Any CPU
		{4AA1953A-E789-4B06-9937-01A06B19D8AF}.Release|x64.Build.0 = Release|Any CPU
		{4AA1953A-E789-4B06-9937-01A06B19D8AF}.Release|x86.ActiveCfg = Release|Any CPU
		{4AA1953A-E789-4B06-9937-01A06B19D8AF}.Release|x86.Build.0 = Release|Any CPU
	EndGlobalSection
	GlobalSection(SolutionProperties) = preSolution
		HideSolutionNode = FALSE
	EndGlobalSection
	GlobalSection(ExtensibilityGlobals) = postSolution
		SolutionGuid = {A3C388E0-FC34-4E7B-ADD5-90029333AEE5}
	EndGlobalSection
EndGlobal
